# This file is autogenerated, do not edit; changes may be undone by the next 'dep ensure'.


[[projects]]
  branch = "master"
  digest = "1:f4f4077f3c79fe58a4ce98aa2f8875e6f861ad8f1fc635d2230cfba985751567"
  name = "github.com/NebulousLabs/demotemutex"
  packages = ["."]
  pruneopts = "NUT"
  revision = "235395f71c4073ee8e71eb51476e7989043b9809"

[[projects]]
  branch = "master"
  digest = "1:5443140d92c50eebc158f3ca649e05cf29a42345e8893de9a97a1892c56999ff"
  name = "github.com/NebulousLabs/errors"
  packages = ["."]
  pruneopts = "NUT"
  revision = "7ead97ef90b8efe5e824efdf129a60498291632a"

[[projects]]
  branch = "master"
  digest = "1:dccce8b1f85879d1cd8be6e21a4bd97901339d7571a18ad77ac398fe9bdf5a9b"
  name = "github.com/NebulousLabs/fastrand"
  packages = ["."]
  pruneopts = "NUT"
  revision = "3cf7173006a0b7d2371fa1a220da7f9d48c7827c"

[[projects]]
  branch = "master"
  digest = "1:ad959a01e8101fe9dc44c3b572813a35d3664d212b548d49f506ee6d3018f35e"
  name = "github.com/NebulousLabs/go-upnp"
  packages = ["."]
  pruneopts = "NUT"
  revision = "3a71999ed0d393fba27f9c9b54f25a0943af97af"

[[projects]]
  branch = "master"
  digest = "1:27214b8888187bf560df935ff09f2664f9ab63219f1cbb5801c52efd4d4b8d68"
  name = "github.com/NebulousLabs/merkletree"
  packages = ["."]
  pruneopts = "NUT"
  revision = "2a1d1d1dc33ce5cf7271c7560c8c62423dd0b094"

[[projects]]
  branch = "master"
  digest = "1:aef384a4c419ec6504905842b9c70c6a800d95db9eb7543f54c061f4e3aee23b"
  name = "github.com/bgentry/speakeasy"
  packages = ["."]
  pruneopts = "NUT"
  revision = "4aabc24848ce5fd31929f7d1e4ea74d3709c14cd"

[[projects]]
  digest = "1:6a7159c5f8f8826207545407a458b43ab6599c1c8a2271465c2e979ecea1dcd4"
  name = "github.com/gobwas/glob"
  packages = [
    ".",
    "compiler",
    "match",
    "syntax",
    "syntax/ast",
    "syntax/lexer",
    "util/runes",
    "util/strings",
  ]
  pruneopts = "NUT"
  revision = "5ccd90ef52e1e632236f7326478d4faa74f99438"
  version = "v0.2.3"

[[projects]]
  digest = "1:6e73003ecd35f4487a5e88270d3ca0a81bc80dc88053ac7e4dcfec5fba30d918"
  name = "github.com/gogo/protobuf"
  packages = ["proto"]
  pruneopts = ""
  revision = "636bf0302bc95575d69441b25a2603156ffdddf1"
  version = "v1.1.1"

[[projects]]
  digest = "1:38ec74012390146c45af1f92d46e5382b50531247929ff3a685d2b2be65155ac"
  name = "github.com/gomodule/redigo"
  packages = [
    "internal",
    "redis",
  ]
  pruneopts = "NUT"
  revision = "9c11da706d9b7902c6da69c592f75637793fe121"
  version = "v2.0.0"

[[projects]]
  digest = "1:406338ad39ab2e37b7f4452906442a3dbf0eb3379dd1f06aafb5c07e769a5fbb"
  name = "github.com/inconshreveable/mousetrap"
  packages = ["."]
  pruneopts = "NUT"
  revision = "76626ae9c91c4f2a10f34cad8ce83ea42c93bb75"
  version = "v1.0"

[[projects]]
  digest = "1:42be69e2e0f087861268b28425f3d97bb8b5abf4e1b73b330a9c6863bddac1c7"
  name = "github.com/julienschmidt/httprouter"
  packages = ["."]
  pruneopts = "NUT"
  revision = "348b672cd90d8190f8240323e372ecd1e66b59dc"
  version = "v1.2.0"

[[projects]]
  digest = "1:44c66ad69563dbe3f8e76d7d6cad21a03626e53f1875b5ab163ded419e01ca7a"
  name = "github.com/philhofer/fwd"
  packages = ["."]
  pruneopts = "NUT"
  revision = "bb6d471dc95d4fe11e432687f8b70ff496cf3136"
  version = "v1.0.0"

[[projects]]
  digest = "1:5cf3f025cbee5951a4ee961de067c8a89fc95a5adabead774f82822efabab121"
  name = "github.com/pkg/errors"
  packages = ["."]
  pruneopts = "NUT"
  revision = "645ef00459ed84a119197bfb8d8205042c6df63d"
  version = "v0.8.0"

[[projects]]
  branch = "master"
  digest = "1:aa0472a5641dc4216eff61d3a53ab6e81eda86587cc46bf1e8dffb47035d48e7"
  name = "github.com/rivine/bbolt"
  packages = ["."]
  pruneopts = "NUT"
  revision = "19c3af6fd3cefb5dc9c05dfc84122e8f74f92927"

[[projects]]
  digest = "1:3186aade954ad7beb5a94a678d9d108de9f7ac7127de34255f3feed64cfca525"
  name = "github.com/rivine/smux"
  packages = ["."]
  pruneopts = "NUT"
  revision = "e28719eede1ac5714cf0b06ba2f403125864ebe0"
  version = "v1.0.7"

[[projects]]
  digest = "1:343d44e06621142ab09ae0c76c1799104cdfddd3ffb445d78b1adf8dc3ffaf3d"
  name = "github.com/spf13/cobra"
  packages = ["."]
  pruneopts = "NUT"
  revision = "ef82de70bb3f60c65fb8eebacbb2d122ef517385"
  version = "v0.0.3"

[[projects]]
  digest = "1:9d8420bbf131d1618bde6530af37c3799340d3762cc47210c1d9532a4c3a2779"
  name = "github.com/spf13/pflag"
  packages = ["."]
  pruneopts = "NUT"
  revision = "298182f68c66c05229eb03ac171abe6e309ee79a"
  version = "v1.0.3"

[[projects]]
  branch = "master"
  digest = "1:2a4740e0c066b3c9e63b7042cec3a6d344218ba7318c19bb70386d0de719a78b"
  name = "github.com/threefoldfoundation/tfchain"
  packages = [
    "pkg/config",
    "pkg/persist",
    "pkg/persist/internal",
    "pkg/types",
  ]
  pruneopts = "NUT"
  revision = "123d8a78b6fa34826a5183b4233e3c50cb8265ec"

[[projects]]
  branch = "master"
  digest = "1:ecbb76ae2d24e754586156e63179abcc2f858af6a4db4bf7a3374d2f8cee4d0b"
  name = "github.com/threefoldtech/rivine"
  packages = [
    "build",
    "crypto",
    "modules",
    "modules/consensus",
    "modules/gateway",
    "persist",
    "pkg/api",
    "pkg/cli",
    "pkg/client",
    "pkg/encoding/rivbin",
    "pkg/encoding/siabin",
    "sync",
    "types",
  ]
  pruneopts = "NUT"
  revision = "739b81e1a4c43b95059abc3c9da83f5addf83e7a"

[[projects]]
  digest = "1:eaa6698f44de8f2977e93c9b946e60a8af75f565058658aad2df8032b55c84e5"
  name = "github.com/tinylib/msgp"
  packages = ["msgp"]
  pruneopts = "NUT"
  revision = "b2b6a672cf1e5b90748f79b8b81fc8c5cf0571a1"
  version = "1.0.2"

[[projects]]
  branch = "master"
  digest = "1:911f96501e797f1c65003edd03ca33f4515e92d89f1dbf3301a5582646eb156f"
  name = "github.com/tyler-smith/go-bip39"
  packages = [
    ".",
    "wordlists",
  ]
  pruneopts = "NUT"
  revision = "dbb3b84ba2ef14e894f5e33d6c6e43641e665738"

[[projects]]
  branch = "master"
  digest = "1:95cee5860be057f2a6e41b7995deb0d5efc21bdc6e69d5e9bd50bd4c4aaa13fd"
  name = "gitlab.com/NebulousLabs/fastrand"
  packages = ["."]
  pruneopts = "NUT"
  revision = "95aefc5d053e09b33438f723e08cd6ae3c54e12d"

[[projects]]
  branch = "master"
  digest = "1:a49b61a99b8850e948daf6b21969697c90263860eefdb63fcd873598d0311ddc"
  name = "gitlab.com/NebulousLabs/go-upnp"
  packages = [
    "goupnp",
    "goupnp/dcps/internetgateway1",
    "goupnp/httpu",
    "goupnp/scpd",
    "goupnp/soap",
    "goupnp/ssdp",
  ]
  pruneopts = "NUT"
  revision = "3a71999ed0d393fba27f9c9b54f25a0943af97af"

[[projects]]
  branch = "master"
  digest = "1:061c9b45118e3b17608b3d8996d57ca917e6dd8be2ecc887f558b213fdffefaf"
  name = "golang.org/x/crypto"
  packages = [
    "blake2b",
    "ed25519",
    "ed25519/internal/edwards25519",
    "pbkdf2",
    "twofish",
  ]
  pruneopts = "NUT"
  revision = "e84da0312774c21d64ee2317962ef669b27ffb41"

[[projects]]
  branch = "master"
  digest = "1:5193d913046443e59093d66a97a40c51f4a5ea4ceba60f3b3ecf89694de5d16f"
  name = "golang.org/x/net"
  packages = [
    "html",
    "html/atom",
    "html/charset",
  ]
  pruneopts = "NUT"
  revision = "9b4f9f5ad5197c79fd623a3638e70d8b26cef344"

[[projects]]
  branch = "master"
  digest = "1:6c5ae3ec87be169fc64a12ef76b28297b99874da04d7ff1d72fe6f06ad6918e9"
  name = "golang.org/x/sys"
  packages = [
    "cpu",
    "unix",
  ]
  pruneopts = "NUT"
  revision = "731415f00dce967a133e841b3079eda31c996761"

[[projects]]
  digest = "1:7c61a813b250ba8bb02bebb0382e6c3d00e04da2b577dc58985b86312fb89ffd"
  name = "golang.org/x/text"
  packages = [
    "encoding",
    "encoding/charmap",
    "encoding/htmlindex",
    "encoding/internal",
    "encoding/internal/identifier",
    "encoding/japanese",
    "encoding/korean",
    "encoding/simplifiedchinese",
    "encoding/traditionalchinese",
    "encoding/unicode",
    "internal/gen",
    "internal/tag",
    "internal/utf8internal",
    "language",
    "runes",
    "transform",
    "unicode/cldr",
  ]
  pruneopts = "NUT"
  revision = "f21a4dfb5e38f5895301dc265a8def02365cc3d0"
  version = "v0.3.0"

[solve-meta]
  analyzer-name = "dep"
  analyzer-version = 1
  input-imports = [
    "github.com/gobwas/glob",
    "github.com/gogo/protobuf/proto",
    "github.com/gomodule/redigo/redis",
    "github.com/spf13/cobra",
    "github.com/spf13/pflag",
    "github.com/threefoldfoundation/tfchain/pkg/config",
    "github.com/threefoldfoundation/tfchain/pkg/persist",
    "github.com/threefoldfoundation/tfchain/pkg/types",
    "github.com/threefoldtech/rivine/build",
    "github.com/threefoldtech/rivine/crypto",
    "github.com/threefoldtech/rivine/modules",
    "github.com/threefoldtech/rivine/modules/consensus",
    "github.com/threefoldtech/rivine/modules/gateway",
    "github.com/threefoldtech/rivine/pkg/client",
    "github.com/threefoldtech/rivine/pkg/encoding/rivbin",
    "github.com/threefoldtech/rivine/pkg/encoding/siabin",
    "github.com/threefoldtech/rivine/types",
    "github.com/tinylib/msgp/msgp",
  ]
  solver-name = "gps-cdcl"
  solver-version = 1
